
Microsoft Visual Studio Solution File, Format Version 12.00
# Visual Studio Version 17
VisualStudioVersion = 17.6.33801.468
MinimumVisualStudioVersion = 10.0.40219.1
Project("{FAE04EC0-301F-11D3-BF4B-00C04F79EFBC}") = "Liczby z przedziału", "Liczby z przedziału\Liczby z przedziału.csproj", "{BFEBD352-9313-4F15-A95E-493FF279C380}"
EndProject
Global
	GlobalSection(SolutionConfigurationPlatforms) = preSolution
		Debug|Any CPU = Debug|Any CPU
		Release|Any CPU = Release|Any CPU
	EndGlobalSection
	GlobalSection(ProjectConfigurationPlatforms) = postSolution
		{BFEBD352-9313-4F15-A95E-493FF279C380}.Debug|Any CPU.ActiveCfg = Debug|Any CPU
		{BFEBD352-9313-4F15-A95E-493FF279C380}.Debug|Any CPU.Build.0 = Debug|Any CPU
		{BFEBD352-9313-4F15-A95E-493FF279C380}.Release|Any CPU.ActiveCfg = Release|Any CPU
		{BFEBD352-9313-4F15-A95E-493FF279C380}.Release|Any CPU.Build.0 = Release|Any CPU
	EndGlobalSection
	GlobalSection(SolutionProperties) = preSolution
		HideSolutionNode = FALSE
	EndGlobalSection
	GlobalSection(ExtensibilityGlobals) = postSolution
		SolutionGuid = {BEAD1109-A553-44DD-96D6-D63EF05F71D2}
	EndGlobalSection
EndGlobal
